
Microsoft Visual Studio Solution File, Format Version 12.00
# Visual Studio Version 16
VisualStudioVersion = 16.0.30517.126
MinimumVisualStudioVersion = 10.0.40219.1
Project("{FAE04EC0-301F-11D3-BF4B-00C04F79EFBC}") = "ToDoList", "ToDoList\ToDoList.csproj", "{93D92BCC-A60E-453E-8D8B-F51A4F64E226}"
EndProject
Global
	GlobalSection(SolutionConfigurationPlatforms) = preSolution
		Debug|Any CPU = Debug|Any CPU
		Release|Any CPU = Release|Any CPU
	EndGlobalSection
	GlobalSection(ProjectConfigurationPlatforms) = postSolution
		{93D92BCC-A60E-453E-8D8B-F51A4F64E226}.Debug|Any CPU.ActiveCfg = Debug|Any CPU
		{93D92BCC-A60E-453E-8D8B-F51A4F64E226}.Debug|Any CPU.Build.0 = Debug|Any CPU
		{93D92BCC-A60E-453E-8D8B-F51A4F64E226}.Release|Any CPU.ActiveCfg = Release|Any CPU
		{93D92BCC-A60E-453E-8D8B-F51A4F64E226}.Release|Any CPU.Build.0 = Release|Any CPU
	EndGlobalSection
	GlobalSection(SolutionProperties) = preSolution
		HideSolutionNode = FALSE
	EndGlobalSection
	GlobalSection(ExtensibilityGlobals) = postSolution
		SolutionGuid = {D25CFCD7-10EE-486E-900E-4FA27589C02A}
	EndGlobalSection
EndGlobal
